
Microsoft Visual Studio Solution File, Format Version 12.00
# Visual Studio Version 16
VisualStudioVersion = 16.0.29215.179
MinimumVisualStudioVersion = 10.0.40219.1
Project("{FAE04EC0-301F-11D3-BF4B-00C04F79EFBC}") = "Anime4KSharp", "Anime4KSharp\Anime4KSharp.csproj", "{B8C055FB-9F20-442A-8B70-ACA2DA870EE8}"
EndProject
Global
	GlobalSection(SolutionConfigurationPlatforms) = preSolution
		Debug|Any CPU = Debug|Any CPU
		Release|Any CPU = Release|Any CPU
	EndGlobalSection
	GlobalSection(ProjectConfigurationPlatforms) = postSolution
		{B8C055FB-9F20-442A-8B70-ACA2DA870EE8}.Debug|Any CPU.ActiveCfg = Debug|Any CPU
		{B8C055FB-9F20-442A-8B70-ACA2DA870EE8}.Debug|Any CPU.Build.0 = Debug|Any CPU
		{B8C055FB-9F20-442A-8B70-ACA2DA870EE8}.Release|Any CPU.ActiveCfg = Release|Any CPU
		{B8C055FB-9F20-442A-8B70-ACA2DA870EE8}.Release|Any CPU.Build.0 = Release|Any CPU
	EndGlobalSection
	GlobalSection(SolutionProperties) = preSolution
		HideSolutionNode = FALSE
	EndGlobalSection
	GlobalSection(ExtensibilityGlobals) = postSolution
		SolutionGuid = {4992B16D-4911-43C3-A76C-4DAF85669663}
	EndGlobalSection
EndGlobal
